// !$*UTF8*$!
{
	archiveVersion = 1;
	classes = {
	};
	objectVersion = 48;
	objects = {

/* Begin PBXBuildFile section */
		34BF7AC32063A9220017CAAD /* AppDelegate.m in Sources */ = {isa = PBXBuildFile; fileRef = 34BF7AC22063A9220017CAAD /* AppDelegate.m */; };
		34BF7AC62063A9220017CAAD /* ViewController.m in Sources */ = {isa = PBXBuildFile; fileRef = 34BF7AC52063A9220017CAAD /* ViewController.m */; };
		34BF7AC92063A9220017CAAD /* Main.storyboard in Resources */ = {isa = PBXBuildFile; fileRef = 34BF7AC72063A9220017CAAD /* Main.storyboard */; };
		34BF7ACB2063A9220017CAAD /* Assets.xcassets in Resources */ = {isa = PBXBuildFile; fileRef = 34BF7ACA2063A9220017CAAD /* Assets.xcassets */; };
		34BF7ACE2063A9220017CAAD /* LaunchScreen.storyboard in Resources */ = {isa = PBXBuildFile; fileRef = 34BF7ACC2063A9220017CAAD /* LaunchScreen.storyboard */; };
		34BF7AD12063A9220017CAAD /* main.m in Sources */ = {isa = PBXBuildFile; fileRef = 34BF7AD02063A9220017CAAD /* main.m */; };
		34BF7AD92063AAD00017CAAD /* MyTextView.m in Sources */ = {isa = PBXBuildFile; fileRef = 34BF7AD82063AAD00017CAAD /* MyTextView.m */; };
		34BF7ADC2063BAAE0017CAAD /* TTFeedbackViewController.m in Sources */ = {isa = PBXBuildFile; fileRef = 34BF7ADB2063BAAE0017CAAD /* TTFeedbackViewController.m */; };
/* End PBXBuildFile section */

/* Begin PBXFileReference section */
		34BF7ABE2063A9220017CAAD /* LinkDemo.app */ = {isa = PBXFileReference; explicitFileType = wrapper.application; includeInIndex = 0; path = LinkDemo.app; sourceTree = BUILT_PRODUCTS_DIR; };
		34BF7AC12063A9220017CAAD /* AppDelegate.h */ = {isa = PBXFileReference; lastKnownFileType = sourcecode.c.h; path = AppDelegate.h; sourceTree = "<group>"; };
		34BF7AC22063A9220017CAAD /* AppDelegate.m */ = {isa = PBXFileReference; lastKnownFileType = sourcecode.c.objc; path = AppDelegate.m; sourceTree = "<group>"; };
		34BF7AC42063A9220017CAAD /* ViewController.h */ = {isa = PBXFileReference; lastKnownFileType = sourcecode.c.h; path = ViewController.h; sourceTree = "<group>"; };
		34BF7AC52063A9220017CAAD /* ViewController.m */ = {isa = PBXFileReference; lastKnownFileType = sourcecode.c.objc; path = ViewController.m; sourceTree = "<group>"; };
		34BF7AC82063A9220017CAAD /* Base */ = {isa = PBXFileReference; lastKnownFileType = file.storyboard; name = Base; path = Base.lproj/Main.storyboard; sourceTree = "<group>"; };
		34BF7ACA2063A9220017CAAD /* Assets.xcassets */ = {isa = PBXFileReference; lastKnownFileType = folder.assetcatalog; path = Assets.xcassets; sourceTree = "<group>"; };
		34BF7ACD2063A9220017CAAD /* Base */ = {isa = PBXFileReference; lastKnownFileType = file.storyboard; name = Base; path = Base.lproj/LaunchScreen.storyboard; sourceTree = "<group>"; };
		34BF7ACF2063A9220017CAAD /* Info.plist */ = {isa = PBXFileReference; lastKnownFileType = text.plist.xml; path = Info.plist; sourceTree = "<group>"; };
		34BF7AD02063A9220017CAAD /* main.m */ = {isa = PBXFileReference; lastKnownFileType = sourcecode.c.objc; path = main.m; sourceTree = "<group>"; };
		34BF7AD72063AAD00017CAAD /* MyTextView.h */ = {isa = PBXFileReference; lastKnownFileType = sourcecode.c.h; path = MyTextView.h; sourceTree = "<group>"; };
		34BF7AD82063AAD00017CAAD /* MyTextView.m */ = {isa = PBXFileReference; lastKnownFileType = sourcecode.c.objc; path = MyTextView.m; sourceTree = "<group>"; };
		34BF7ADA2063BAAE0017CAAD /* TTFeedbackViewController.h */ = {isa = PBXFileReference; lastKnownFileType = sourcecode.c.h; path = TTFeedbackViewController.h; sourceTree = "<group>"; };
		34BF7ADB2063BAAE0017CAAD /* TTFeedbackViewController.m */ = {isa = PBXFileReference; lastKnownFileType = sourcecode.c.objc; path = TTFeedbackViewController.m; sourceTree = "<group>"; };
/* End PBXFileReference section */

/* Begin PBXFrameworksBuildPhase section */
		34BF7ABB2063A9220017CAAD /* Frameworks */ = {
			isa = PBXFrameworksBuildPhase;
			buildActionMask = 2147483647;
			files = (
			);
			runOnlyForDeploymentPostprocessing = 0;
		};
/* End PBXFrameworksBuildPhase section */

/* Begin PBXGroup section */
		34BF7AB52063A9220017CAAD = {
			isa = PBXGroup;
			children = (
				34BF7AC02063A9220017CAAD /* LinkDemo */,
				34BF7ABF2063A9220017CAAD /* Products */,
			);
			sourceTree = "<group>";
		};
		34BF7ABF2063A9220017CAAD /* Products */ = {
			isa = PBXGroup;
			children = (
				34BF7ABE2063A9220017CAAD /* LinkDemo.app */,
			);
			name = Products;
			sourceTree = "<group>";
		};
		34BF7AC02063A9220017CAAD /* LinkDemo */ = {
			isa = PBXGroup;
			children = (
				F38C4A7C20652CE000028518 /* View */,
				F38C4A7B20652CCF00028518 /* Controller */,
				F38C4A7D20652D2F00028518 /* supports */,
			);
			path = LinkDemo;
			sourceTree = "<group>";
		};
		F38C4A7B20652CCF00028518 /* Controller */ = {
			isa = PBXGroup;
			children = (
				34BF7AC42063A9220017CAAD /* ViewController.h */,
				34BF7AC52063A9220017CAAD /* ViewController.m */,
				34BF7ADA2063BAAE0017CAAD /* TTFeedbackViewController.h */,
				34BF7ADB2063BAAE0017CAAD /* TTFeedbackViewController.m */,
			);
			path = Controller;
			sourceTree = "<group>";
		};
		F38C4A7C20652CE000028518 /* View */ = {
			isa = PBXGroup;
			children = (
				34BF7AD72063AAD00017CAAD /* MyTextView.h */,
				34BF7AD82063AAD00017CAAD /* MyTextView.m */,
			);
			path = View;
			sourceTree = "<group>";
		};
		F38C4A7D20652D2F00028518 /* supports */ = {
			isa = PBXGroup;
			children = (
				34BF7AC12063A9220017CAAD /* AppDelegate.h */,
				34BF7AC22063A9220017CAAD /* AppDelegate.m */,
				34BF7AC72063A9220017CAAD /* Main.storyboard */,
				34BF7ACA2063A9220017CAAD /* Assets.xcassets */,
				34BF7ACC2063A9220017CAAD /* LaunchScreen.storyboard */,
				34BF7ACF2063A9220017CAAD /* Info.plist */,
				34BF7AD02063A9220017CAAD /* main.m */,
			);
			path = supports;
			sourceTree = "<group>";
		};
/* End PBXGroup section */

/* Begin PBXNativeTarget section */
		34BF7ABD2063A9220017CAAD /* LinkDemo */ = {
			isa = PBXNativeTarget;
			buildConfigurationList = 34BF7AD42063A9220017CAAD /* Build configuration list for PBXNativeTarget "LinkDemo" */;
			buildPhases = (
				34BF7ABA2063A9220017CAAD /* Sources */,
				34BF7ABB2063A9220017CAAD /* Frameworks */,
				34BF7ABC2063A9220017CAAD /* Resources */,
			);
			buildRules = (
			);
			dependencies = (
			);
			name = LinkDemo;
			productName = LinkDemo;
			productReference = 34BF7ABE2063A9220017CAAD /* LinkDemo.app */;
			productType = "com.apple.product-type.application";
		};
/* End PBXNativeTarget section */

/* Begin PBXProject section */
		34BF7AB62063A9220017CAAD /* Project object */ = {
			isa = PBXProject;
			attributes = {
				LastUpgradeCheck = 0920;
				ORGANIZATIONNAME = joker;
				TargetAttributes = {
					34BF7ABD2063A9220017CAAD = {
						CreatedOnToolsVersion = 9.2;
						ProvisioningStyle = Automatic;
					};
				};
			};
			buildConfigurationList = 34BF7AB92063A9220017CAAD /* Build configuration list for PBXProject "LinkDemo" */;
			compatibilityVersion = "Xcode 8.0";
			developmentRegion = en;
			hasScannedForEncodings = 0;
			knownRegions = (
				en,
				Base,
			);
			mainGroup = 34BF7AB52063A9220017CAAD;
			productRefGroup = 34BF7ABF2063A9220017CAAD /* Products */;
			projectDirPath = "";
			projectRoot = "";
			targets = (
				34BF7ABD2063A9220017CAAD /* LinkDemo */,
			);
		};
/* End PBXProject section */

/* Begin PBXResourcesBuildPhase section */
		34BF7ABC2063A9220017CAAD /* Resources */ = {
			isa = PBXResourcesBuildPhase;
			buildActionMask = 2147483647;
			files = (
				34BF7ACE2063A9220017CAAD /* LaunchScreen.storyboard in Resources */,
				34BF7ACB2063A9220017CAAD /* Assets.xcassets in Resources */,
				34BF7AC92063A9220017CAAD /* Main.storyboard in Resources */,
			);
			runOnlyForDeploymentPostprocessing = 0;
		};
/* End PBXResourcesBuildPhase section */

/* Begin PBXSourcesBuildPhase section */
		34BF7ABA2063A9220017CAAD /* Sources */ = {
			isa = PBXSourcesBuildPhase;
			buildActionMask = 2147483647;
			files = (
				34BF7AC62063A9220017CAAD /* ViewController.m in Sources */,
				34BF7AD92063AAD00017CAAD /* MyTextView.m in Sources */,
				34BF7ADC2063BAAE0017CAAD /* TTFeedbackViewController.m in Sources */,
				34BF7AD12063A9220017CAAD /* main.m in Sources */,
				34BF7AC32063A9220017CAAD /* AppDelegate.m in Sources */,
			);
			runOnlyForDeploymentPostprocessing = 0;
		};
/* End PBXSourcesBuildPhase section */

/* Begin PBXVariantGroup section */
		34BF7AC72063A9220017CAAD /* Main.storyboard */ = {
			isa = PBXVariantGroup;
			children = (
				34BF7AC82063A9220017CAAD /* Base */,
			);
			name = Main.storyboard;
			sourceTree = "<group>";
		};
		34BF7ACC2063A9220017CAAD /* LaunchScreen.storyboard */ = {
			isa = PBXVariantGroup;
			children = (
				34BF7ACD2063A9220017CAAD /* Base */,
			);
			name = LaunchScreen.storyboard;
			sourceTree = "<group>";
		};
/* End PBXVariantGroup section */

/* Begin XCBuildConfiguration section */
		34BF7AD22063A9220017CAAD /* Debug */ = {
			isa = XCBuildConfiguration;
			buildSettings = {
				ALWAYS_SEARCH_USER_PATHS = NO;
				CLANG_ANALYZER_NONNULL = YES;
				CLANG_ANALYZER_NUMBER_OBJECT_CONVERSION = YES_AGGRESSIVE;
				CLANG_CXX_LANGUAGE_STANDARD = "gnu++14";
				CLANG_CXX_LIBRARY = "libc++";
				CLANG_ENABLE_MODULES = YES;
				CLANG_ENABLE_OBJC_ARC = YES;
				CLANG_WARN_BLOCK_CAPTURE_AUTORELEASING = YES;
				CLANG_WARN_BOOL_CONVERSION = YES;
				CLANG_WARN_COMMA = YES;
				CLANG_WARN_CONSTANT_CONVERSION = YES;
				CLANG_WARN_DIRECT_OBJC_ISA_USAGE = YES_ERROR;
				CLANG_WARN_DOCUMENTATION_COMMENTS = YES;
				CLANG_WARN_EMPTY_BODY = YES;
				CLANG_WARN_ENUM_CONVERSION = YES;
				CLANG_WARN_INFINITE_RECURSION = YES;
				CLANG_WARN_INT_CONVERSION = YES;
				CLANG_WARN_NON_LITERAL_NULL_CONVERSION = YES;
				CLANG_WARN_OBJC_LITERAL_CONVERSION = YES;
				CLANG_WARN_OBJC_ROOT_CLASS = YES_ERROR;
				CLANG_WARN_RANGE_LOOP_ANALYSIS = YES;
				CLANG_WARN_STRICT_PROTOTYPES = YES;
				CLANG_WARN_SUSPICIOUS_MOVE = YES;
				CLANG_WARN_UNGUARDED_AVAILABILITY = YES_AGGRESSIVE;
				CLANG_WARN_UNREACHABLE_CODE = YES;
				CLANG_WARN__DUPLICATE_METHOD_MATCH = YES;
				CODE_SIGN_IDENTITY = "iPhone Developer";
				COPY_PHASE_STRIP = NO;
				DEBUG_INFORMATION_FORMAT = dwarf;
				ENABLE_STRICT_OBJC_MSGSEND = YES;
				ENABLE_TESTABILITY = YES;
				GCC_C_LANGUAGE_STANDARD = gnu11;
				GCC_DYNAMIC_NO_PIC = NO;
				GCC_NO_COMMON_BLOCKS = YES;
				GCC_OPTIMIZATION_LEVEL = 0;
				GCC_PREPROCESSOR_DEFINITIONS = (
					"DEBUG=1",
					"$(inherited)",
				);
				GCC_WARN_64_TO_32_BIT_CONVERSION = YES;
				GCC_WARN_ABOUT_RETURN_TYPE = YES_ERROR;
				GCC_WARN_UNDECLARED_SELECTOR = YES;
				GCC_WARN_UNINITIALIZED_AUTOS = YES_AGGRESSIVE;
				GCC_WARN_UNUSED_FUNCTION = YES;
				GCC_WARN_UNUSED_VARIABLE = YES;
				IPHONEOS_DEPLOYMENT_TARGET = 11.2;
				MTL_ENABLE_DEBUG_INFO = YES;
				ONLY_ACTIVE_ARCH = YES;
				SDKROOT = iphoneos;
			};
			name = Debug;
		};
		34BF7AD32063A9220017CAAD /* Release */ = {
			isa = XCBuildConfiguration;
			buildSettings = {
				ALWAYS_SEARCH_USER_PATHS = NO;
				CLANG_ANALYZER_NONNULL = YES;
				CLANG_ANALYZER_NUMBER_OBJECT_CONVERSION = YES_AGGRESSIVE;
				CLANG_CXX_LANGUAGE_STANDARD = "gnu++14";
				CLANG_CXX_LIBRARY = "libc++";
				CLANG_ENABLE_MODULES = YES;
				CLANG_ENABLE_OBJC_ARC = YES;
				CLANG_WARN_BLOCK_CAPTURE_AUTORELEASING = YES;
				CLANG_WARN_BOOL_CONVERSION = YES;
				CLANG_WARN_COMMA = YES;
				CLANG_WARN_CONSTANT_CONVERSION = YES;
				CLANG_WARN_DIRECT_OBJC_ISA_USAGE = YES_ERROR;
				CLANG_WARN_DOCUMENTATION_COMMENTS = YES;
				CLANG_WARN_EMPTY_BODY = YES;
				CLANG_WARN_ENUM_CONVERSION = YES;
				CLANG_WARN_INFINITE_RECURSION = YES;
				CLANG_WARN_INT_CONVERSION = YES;
				CLANG_WARN_NON_LITERAL_NULL_CONVERSION = YES;
				CLANG_WARN_OBJC_LITERAL_CONVERSION = YES;
				CLANG_WARN_OBJC_ROOT_CLASS = YES_ERROR;
				CLANG_WARN_RANGE_LOOP_ANALYSIS = YES;
				CLANG_WARN_STRICT_PROTOTYPES = YES;
				CLANG_WARN_SUSPICIOUS_MOVE = YES;
				CLANG_WARN_UNGUARDED_AVAILABILITY = YES_AGGRESSIVE;
				CLANG_WARN_UNREACHABLE_CODE = YES;
				CLANG_WARN__DUPLICATE_METHOD_MATCH = YES;
				CODE_SIGN_IDENTITY = "iPhone Developer";
				COPY_PHASE_STRIP = NO;
				DEBUG_INFORMATION_FORMAT = "dwarf-with-dsym";
				ENABLE_NS_ASSERTIONS = NO;
				ENABLE_STRICT_OBJC_MSGSEND = YES;
				GCC_C_LANGUAGE_STANDARD = gnu11;
				GCC_NO_COMMON_BLOCKS = YES;
				GCC_WARN_64_TO_32_BIT_CONVERSION = YES;
				GCC_WARN_ABOUT_RETURN_TYPE = YES_ERROR;
				GCC_WARN_UNDECLARED_SELECTOR = YES;
				GCC_WARN_UNINITIALIZED_AUTOS = YES_AGGRESSIVE;
				GCC_WARN_UNUSED_FUNCTION = YES;
				GCC_WARN_UNUSED_VARIABLE = YES;
				IPHONEOS_DEPLOYMENT_TARGET = 11.2;
				MTL_ENABLE_DEBUG_INFO = NO;
				SDKROOT = iphoneos;
				VALIDATE_PRODUCT = YES;
			};
			name = Release;
		};
		34BF7AD52063A9220017CAAD /* Debug */ = {
			isa = XCBuildConfiguration;
			buildSettings = {
				ASSETCATALOG_COMPILER_APPICON_NAME = AppIcon;
				CODE_SIGN_STYLE = Automatic;
				DEVELOPMENT_TEAM = 2N62934Y28;
				INFOPLIST_FILE = "$(SRCROOT)/LinkDemo/supports/Info.plist";
				IPHONEOS_DEPLOYMENT_TARGET = 10.0;
				LD_RUNPATH_SEARCH_PATHS = "$(inherited) @executable_path/Frameworks";
				PRODUCT_BUNDLE_IDENTIFIER = com.joker.LinkDemo;
				PRODUCT_NAME = "$(TARGET_NAME)";
				TARGETED_DEVICE_FAMILY = "1,2";
			};
			name = Debug;
		};
		34BF7AD62063A9220017CAAD /* Release */ = {
			isa = XCBuildConfiguration;
			buildSettings = {
				ASSETCATALOG_COMPILER_APPICON_NAME = AppIcon;
				CODE_SIGN_STYLE = Automatic;
				DEVELOPMENT_TEAM = 2N62934Y28;
				INFOPLIST_FILE = "$(SRCROOT)/LinkDemo/supports/Info.plist";
				IPHONEOS_DEPLOYMENT_TARGET = 10.0;
				LD_RUNPATH_SEARCH_PATHS = "$(inherited) @executable_path/Frameworks";
				PRODUCT_BUNDLE_IDENTIFIER = com.joker.LinkDemo;
				PRODUCT_NAME = "$(TARGET_NAME)";
				TARGETED_DEVICE_FAMILY = "1,2";
			};
			name = Release;
		};
/* End XCBuildConfiguration section */

/* Begin XCConfigurationList section */
		34BF7AB92063A9220017CAAD /* Build configuration list for PBXProject "LinkDemo" */ = {
			isa = XCConfigurationList;
			buildConfigurations = (
				34BF7AD22063A9220017CAAD /* Debug */,
				34BF7AD32063A9220017CAAD /* Release */,
			);
			defaultConfigurationIsVisible = 0;
			defaultConfigurationName = Release;
		};
		34BF7AD42063A9220017CAAD /* Build configuration list for PBXNativeTarget "LinkDemo" */ = {
			isa = XCConfigurationList;
			buildConfigurations = (
				34BF7AD52063A9220017CAAD /* Debug */,
				34BF7AD62063A9220017CAAD /* Release */,
			);
			defaultConfigurationIsVisible = 0;
			defaultConfigurationName = Release;
		};
/* End XCConfigurationList section */
	};
	rootObject = 34BF7AB62063A9220017CAAD /* Project object */;
}
